
Microsoft Visual Studio Solution File, Format Version 11.00
# Visual Studio 2010
Project("{8BC9CEB8-8B4A-11D0-8D11-00A0C91BC942}") = "Basic", "Basic\Basic.vcxproj", "{30D2F860-C530-43A7-920E-115F01447FB2}"
EndProject
Project("{8BC9CEB8-8B4A-11D0-8D11-00A0C91BC942}") = "LeetCode", "LeetCode\LeetCode.vcxproj", "{27F64EFC-4DB3-4D74-A08F-7F56F5D9D43C}"
EndProject
Project("{8BC9CEB8-8B4A-11D0-8D11-00A0C91BC942}") = "CareerCup", "CareerCup\CareerCup.vcxproj", "{B9658D2C-8DC6-4EBE-8A3F-B2DB901EE4BC}"
EndProject
Project("{8BC9CEB8-8B4A-11D0-8D11-00A0C91BC942}") = "Interview", "Interview\Interview.vcxproj", "{9EA76449-E33B-48F6-9182-3EA2883F25C2}"
EndProject
Global
	GlobalSection(SolutionConfigurationPlatforms) = preSolution
		Debug|Win32 = Debug|Win32
		Release|Win32 = Release|Win32
	EndGlobalSection
	GlobalSection(ProjectConfigurationPlatforms) = postSolution
		{30D2F860-C530-43A7-920E-115F01447FB2}.Debug|Win32.ActiveCfg = Debug|Win32
		{30D2F860-C530-43A7-920E-115F01447FB2}.Debug|Win32.Build.0 = Debug|Win32
		{30D2F860-C530-43A7-920E-115F01447FB2}.Release|Win32.ActiveCfg = Release|Win32
		{30D2F860-C530-43A7-920E-115F01447FB2}.Release|Win32.Build.0 = Release|Win32
		{27F64EFC-4DB3-4D74-A08F-7F56F5D9D43C}.Debug|Win32.ActiveCfg = Debug|Win32
		{27F64EFC-4DB3-4D74-A08F-7F56F5D9D43C}.Debug|Win32.Build.0 = Debug|Win32
		{27F64EFC-4DB3-4D74-A08F-7F56F5D9D43C}.Release|Win32.ActiveCfg = Release|Win32
		{27F64EFC-4DB3-4D74-A08F-7F56F5D9D43C}.Release|Win32.Build.0 = Release|Win32
		{B9658D2C-8DC6-4EBE-8A3F-B2DB901EE4BC}.Debug|Win32.ActiveCfg = Debug|Win32
		{B9658D2C-8DC6-4EBE-8A3F-B2DB901EE4BC}.Debug|Win32.Build.0 = Debug|Win32
		{B9658D2C-8DC6-4EBE-8A3F-B2DB901EE4BC}.Release|Win32.ActiveCfg = Release|Win32
		{B9658D2C-8DC6-4EBE-8A3F-B2DB901EE4BC}.Release|Win32.Build.0 = Release|Win32
		{9EA76449-E33B-48F6-9182-3EA2883F25C2}.Debug|Win32.ActiveCfg = Debug|Win32
		{9EA76449-E33B-48F6-9182-3EA2883F25C2}.Debug|Win32.Build.0 = Debug|Win32
		{9EA76449-E33B-48F6-9182-3EA2883F25C2}.Release|Win32.ActiveCfg = Release|Win32
		{9EA76449-E33B-48F6-9182-3EA2883F25C2}.Release|Win32.Build.0 = Release|Win32
	EndGlobalSection
	GlobalSection(SolutionProperties) = preSolution
		HideSolutionNode = FALSE
	EndGlobalSection
EndGlobal
