<?xml version="1.0" encoding="utf-8"?>
<Project ToolsVersion="4.0" xmlns="http://schemas.microsoft.com/developer/msbuild/2003">
  <ItemGroup>
    <Filter Include="Resource Files">
      <UniqueIdentifier>{67DA6AB6-F800-4c08-8B7A-83BB121AAD01}</UniqueIdentifier>
      <Extensions>rc;ico;cur;bmp;dlg;rc2;rct;bin;rgs;gif;jpg;jpeg;jpe;resx;tiff;tif;png;wav;mfcribbon-ms</Extensions>
    </Filter>
  </ItemGroup>
  <ItemGroup>
    <ClCompile Include="main.cpp" />
    <ClCompile Include="01- String.cpp" />
    <ClCompile Include="02- Array.cpp" />
    <ClCompile Include="03- LinkedList.cpp" />
    <ClCompile Include="04- BinarySearch.cpp" />
    <ClCompile Include="05- BinaryTree.cpp" />
    <ClCompile Include="06- Graph.cpp" />
    <ClCompile Include="07- DynamicP.cpp" />
    <ClCompile Include="08- General.cpp" />
    <ClCompile Include="00- Integer.cpp" />
    <ClCompile Include="00- Bits.cpp" />
  </ItemGroup>
  <ItemGroup>
    <ClInclude Include="Common.h" />
  </ItemGroup>
</Project>